<?xml version="1.0" encoding="utf-8"?>
<Project ToolsVersion="4.0" xmlns="http://schemas.microsoft.com/developer/msbuild/2003">
  <ItemGroup>
    <Filter Include="Source Files">
      <UniqueIdentifier>{4FC737F1-C7A5-4376-A066-2A32D752A2FF}</UniqueIdentifier>
      <Extensions>cpp;c;cc;cxx;c++;cppm;ixx;def;odl;idl;hpj;bat;asm;asmx</Extensions>
    </Filter>
    <Filter Include="Header Files">
      <UniqueIdentifier>{93995380-89BD-4b04-88EB-625FBE52EBFB}</UniqueIdentifier>
      <Extensions>h;hh;hpp;hxx;h++;hm;inl;inc;ipp;xsd</Extensions>
    </Filter>
    <Filter Include="Resource Files">
      <UniqueIdentifier>{67DA6AB6-F800-4c08-8B7A-83BB121AAD01}</UniqueIdentifier>
      <Extensions>rc;ico;cur;bmp;dlg;rc2;rct;bin;rgs;gif;jpg;jpeg;jpe;resx;tiff;tif;png;wav;mfcribbon-ms</Extensions>
    </Filter>
    <Filter Include="Source Files\imgui">
      <UniqueIdentifier>{b1bd1b40-9f0b-4132-bdd1-d112b122986b}</UniqueIdentifier>
    </Filter>
    <Filter Include="Header Files\imgui">
      <UniqueIdentifier>{cffb0542-1768-4c27-958a-1c18ccbf7efd}</UniqueIdentifier>
    </Filter>
  </ItemGroup>
  <ItemGroup>
    <ClCompile Include="src\main.cpp">
      <Filter>Source Files</Filter>
    </ClCompile>
    <ClCompile Include="src\Application\Application.cpp">
      <Filter>Source Files</Filter>
    </ClCompile>
    <ClCompile Include="src\Application\Events.cpp">
      <Filter>Source Files</Filter>
    </ClCompile>
    <ClCompile Include="src\Application\Keyboard.cpp">
      <Filter>Source Files</Filter>
    </ClCompile>
    <ClCompile Include="src\Application\Timer.cpp">
      <Filter>Source Files</Filter>
    </ClCompile>
    <ClCompile Include="src\Application\Renderer.cpp">
      <Filter>Source Files</Filter>
    </ClCompile>
    <ClCompile Include="src\LevelGeneration\Room.cpp">
      <Filter>Source Files</Filter>
    </ClCompile>
    <ClCompile Include="src\Utils\RandomGenerator.cpp">
      <Filter>Source Files</Filter>
    </ClCompile>
    <ClCompile Include="src\LevelGeneration\RoomFragment.cpp">
      <Filter>Source Files</Filter>
    </ClCompile>
    <ClCompile Include="src\LevelGeneration\RoomFactory.cpp">
      <Filter>Source Files</Filter>
    </ClCompile>
    <ClCompile Include="src\CommandStack\CommandStack.cpp">
      <Filter>Source Files</Filter>
    </ClCompile>
    <ClCompile Include="src\CommandStack\Commands\AddRoomFragmentCommand.cpp">
      <Filter>Source Files</Filter>
    </ClCompile>
    <ClCompile Include="src\CommandStack\Commands\AddRoomFragmentCommand.h">
      <Filter>Source Files</Filter>
    </ClCompile>
    <ClCompile Include="src\CommandStack\Commands\CreateRoomCommand.cpp">
      <Filter>Source Files</Filter>
    </ClCompile>
    <ClCompile Include="src\LevelGeneration\RoomRepository.cpp">
      <Filter>Source Files</Filter>
    </ClCompile>
    <ClCompile Include="src\LevelGeneration\Cyclic\CyclicRule.cpp">
      <Filter>Source Files</Filter>
    </ClCompile>
    <ClCompile Include="src\LevelGeneration\Cyclic\CyclicInsertionPoint.cpp">
      <Filter>Source Files</Filter>
    </ClCompile>
    <ClCompile Include="src\LevelGeneration\Cyclic\CyclicRuleRepository.cpp">
      <Filter>Source Files</Filter>
    </ClCompile>
    <ClCompile Include="src\LevelGeneration\MazeGenerator\MazeCell.cpp">
      <Filter>Source Files</Filter>
    </ClCompile>
    <ClCompile Include="src\LevelGeneration\MazeGenerator\PathwayData.cpp">
      <Filter>Source Files</Filter>
    </ClCompile>
    <ClCompile Include="src\LevelGeneration\MazeGenerator\Maze.cpp">
      <Filter>Source Files</Filter>
    </ClCompile>
    <ClCompile Include="src\Application\Font.cpp">
      <Filter>Source Files</Filter>
    </ClCompile>
    <ClCompile Include="src\CommandStack\Commands\Maze\CarvePassageCommand.cpp">
      <Filter>Source Files</Filter>
    </ClCompile>
    <ClCompile Include="src\CommandStack\Commands\Maze\BacktrackPassageCommand.cpp">
      <Filter>Source Files</Filter>
    </ClCompile>
    <ClCompile Include="..\external\Imgui\imgui_widgets.cpp">
      <Filter>Source Files\imgui</Filter>
    </ClCompile>
    <ClCompile Include="..\external\Imgui\imgui.cpp">
      <Filter>Source Files\imgui</Filter>
    </ClCompile>
    <ClCompile Include="..\external\Imgui\imgui_draw.cpp">
      <Filter>Source Files\imgui</Filter>
    </ClCompile>
    <ClCompile Include="..\external\Imgui\backends\imgui_impl_sdl2.cpp">
      <Filter>Source Files\imgui</Filter>
    </ClCompile>
    <ClCompile Include="..\external\Imgui\backends\imgui_impl_sdlrenderer.cpp">
      <Filter>Source Files\imgui</Filter>
    </ClCompile>
    <ClCompile Include="..\external\Imgui\imgui_tables.cpp">
      <Filter>Source Files\imgui</Filter>
    </ClCompile>
    <ClCompile Include="src\LevelGeneration\MazeGenerator\MazeStateData.cpp">
      <Filter>Source Files</Filter>
    </ClCompile>
    <ClCompile Include="src\CommandStack\Commands\Maze\CreateNewPathCommand.cpp">
      <Filter>Source Files</Filter>
    </ClCompile>
    <ClCompile Include="src\LevelGeneration\Level.cpp">
      <Filter>Source Files</Filter>
    </ClCompile>
    <ClCompile Include="src\Application\Camera.cpp">
      <Filter>Source Files</Filter>
    </ClCompile>
  </ItemGroup>
  <ItemGroup>
    <ClInclude Include="src\Application\Application.h">
      <Filter>Header Files</Filter>
    </ClInclude>
    <ClInclude Include="src\Application\Events.h">
      <Filter>Header Files</Filter>
    </ClInclude>
    <ClInclude Include="src\Application\Keyboard.h">
      <Filter>Header Files</Filter>
    </ClInclude>
    <ClInclude Include="src\Application\Timer.h">
      <Filter>Header Files</Filter>
    </ClInclude>
    <ClInclude Include="src\Application\Renderer.h">
      <Filter>Header Files</Filter>
    </ClInclude>
    <ClInclude Include="src\LevelGeneration\Room.h">
      <Filter>Header Files</Filter>
    </ClInclude>
    <ClInclude Include="src\Utils\RandomGenerator.h">
      <Filter>Header Files</Filter>
    </ClInclude>
    <ClInclude Include="src\LevelGeneration\RoomFragment.h">
      <Filter>Header Files</Filter>
    </ClInclude>
    <ClInclude Include="src\LevelGeneration\RoomFactory.h">
      <Filter>Header Files</Filter>
    </ClInclude>
    <ClInclude Include="src\CommandStack\CommandStack.h">
      <Filter>Header Files</Filter>
    </ClInclude>
    <ClInclude Include="src\CommandStack\Commands\Command.h">
      <Filter>Header Files</Filter>
    </ClInclude>
    <ClInclude Include="src\CommandStack\Commands\CreateRoomCommand.h">
      <Filter>Header Files</Filter>
    </ClInclude>
    <ClInclude Include="src\LevelGeneration\RoomType.h">
      <Filter>Header Files</Filter>
    </ClInclude>
    <ClInclude Include="src\LevelGeneration\FragmentPosition.h">
      <Filter>Header Files</Filter>
    </ClInclude>
    <ClInclude Include="src\LevelGeneration\RoomRepository.h">
      <Filter>Header Files</Filter>
    </ClInclude>
    <ClInclude Include="src\LevelGeneration\Cyclic\CyclicInsertionPoint.h">
      <Filter>Header Files</Filter>
    </ClInclude>
    <ClInclude Include="src\LevelGeneration\Cyclic\CyclicRule.h">
      <Filter>Header Files</Filter>
    </ClInclude>
    <ClInclude Include="src\LevelGeneration\Cyclic\CyclicRuleRepository.h">
      <Filter>Header Files</Filter>
    </ClInclude>
    <ClInclude Include="src\LevelGeneration\CyclicGraph.h">
      <Filter>Header Files</Filter>
    </ClInclude>
    <ClInclude Include="src\LevelGeneration\MazeGenerator\MazeCell.h">
      <Filter>Header Files</Filter>
    </ClInclude>
    <ClInclude Include="src\LevelGeneration\MazeGenerator\Maze.h">
      <Filter>Header Files</Filter>
    </ClInclude>
    <ClInclude Include="src\LevelGeneration\MazeGenerator\DirectionType.h">
      <Filter>Header Files</Filter>
    </ClInclude>
    <ClInclude Include="src\LevelGeneration\MazeGenerator\PathwayData.h">
      <Filter>Header Files</Filter>
    </ClInclude>
    <ClInclude Include="src\Application\Font.h">
      <Filter>Header Files</Filter>
    </ClInclude>
    <ClInclude Include="src\LevelGeneration\MazeGenerator\NavigationalDirections.h">
      <Filter>Header Files</Filter>
    </ClInclude>
    <ClInclude Include="src\CommandStack\Commands\Maze\CarvePassageCommand.h">
      <Filter>Header Files</Filter>
    </ClInclude>
    <ClInclude Include="src\CommandStack\Commands\Maze\BacktrackPassageCommand.h">
      <Filter>Header Files</Filter>
    </ClInclude>
    <ClInclude Include="src\Application\Configuration.h">
      <Filter>Header Files</Filter>
    </ClInclude>
    <ClInclude Include="..\external\Imgui\imconfig.h">
      <Filter>Header Files\imgui</Filter>
    </ClInclude>
    <ClInclude Include="..\external\Imgui\imgui.h">
      <Filter>Header Files\imgui</Filter>
    </ClInclude>
    <ClInclude Include="..\external\Imgui\backends\imgui_impl_sdl2.h">
      <Filter>Header Files\imgui</Filter>
    </ClInclude>
    <ClInclude Include="..\external\Imgui\backends\imgui_impl_sdlrenderer.h">
      <Filter>Header Files\imgui</Filter>
    </ClInclude>
    <ClInclude Include="..\external\Imgui\imgui_internal.h">
      <Filter>Header Files\imgui</Filter>
    </ClInclude>
    <ClInclude Include="..\external\Imgui\imstb_rectpack.h">
      <Filter>Header Files\imgui</Filter>
    </ClInclude>
    <ClInclude Include="..\external\Imgui\imstb_textedit.h">
      <Filter>Header Files\imgui</Filter>
    </ClInclude>
    <ClInclude Include="..\external\Imgui\imstb_truetype.h">
      <Filter>Header Files\imgui</Filter>
    </ClInclude>
    <ClInclude Include="src\LevelGeneration\MazeGenerator\MazeStateData.h">
      <Filter>Header Files</Filter>
    </ClInclude>
    <ClInclude Include="src\CommandStack\Commands\Maze\CreateNewPathCommand.h">
      <Filter>Header Files</Filter>
    </ClInclude>
    <ClInclude Include="src\LevelGeneration\Level.h">
      <Filter>Header Files</Filter>
    </ClInclude>
    <ClInclude Include="src\Application\Camera.h">
      <Filter>Header Files</Filter>
    </ClInclude>
  </ItemGroup>
  <ItemGroup>
    <Image Include="resources\0.png">
      <Filter>Resource Files</Filter>
    </Image>
    <Image Include="resources\1.png">
      <Filter>Resource Files</Filter>
    </Image>
    <Image Include="resources\2.png">
      <Filter>Resource Files</Filter>
    </Image>
    <Image Include="resources\3.png">
      <Filter>Resource Files</Filter>
    </Image>
    <Image Include="resources\4.png">
      <Filter>Resource Files</Filter>
    </Image>
    <Image Include="resources\5.png">
      <Filter>Resource Files</Filter>
    </Image>
    <Image Include="resources\6.png">
      <Filter>Resource Files</Filter>
    </Image>
    <Image Include="resources\8.png">
      <Filter>Resource Files</Filter>
    </Image>
    <Image Include="resources\9.png">
      <Filter>Resource Files</Filter>
    </Image>
    <Image Include="resources\10.png">
      <Filter>Resource Files</Filter>
    </Image>
    <Image Include="resources\12.png">
      <Filter>Resource Files</Filter>
    </Image>
    <Image Include="resources\7.png">
      <Filter>Resource Files</Filter>
    </Image>
    <Image Include="resources\11.png">
      <Filter>Resource Files</Filter>
    </Image>
    <Image Include="resources\13.png">
      <Filter>Resource Files</Filter>
    </Image>
    <Image Include="resources\14.png">
      <Filter>Resource Files</Filter>
    </Image>
    <Image Include="resources\goal.png">
      <Filter>Resource Files</Filter>
    </Image>
    <Image Include="resources\15.png">
      <Filter>Resource Files</Filter>
    </Image>
    <Image Include="resources\start.png">
      <Filter>Resource Files</Filter>
    </Image>
    <Image Include="resources\visited.png">
      <Filter>Resource Files</Filter>
    </Image>
    <Image Include="resources\controls.png">
      <Filter>Resource Files</Filter>
    </Image>
  </ItemGroup>
  <ItemGroup>
    <Font Include="resources\fonts\Silver.ttf" />
  </ItemGroup>
</Project>